{
    "_readme": [
        "This file locks the dependencies of your project to a known state",
        "Read more about it at https://getcomposer.org/doc/01-basic-usage.md#installing-dependencies",
        "This file is @generated automatically"
    ],
    "content-hash": "1fcc377acc6b0bd11b8cf63d6116f3ba",
    "packages": [
        {
            "name": "codewithkyrian/jinja-php",
            "version": "1.0.0",
            "source": {
                "type": "git",
                "url": "https://github.com/CodeWithKyrian/jinja-php.git",
                "reference": "3a246c831af5c3c3c532399aa0c1e5209441675f"
            },
            "dist": {
                "type": "zip",
                "url": "https://api.github.com/repos/CodeWithKyrian/jinja-php/zipball/3a246c831af5c3c3c532399aa0c1e5209441675f",
                "reference": "3a246c831af5c3c3c532399aa0c1e5209441675f",
                "shasum": ""
            },
            "require": {
                "php": "^8.1"
            },
            "require-dev": {
                "pestphp/pest": "^2.34",
                "symfony/var-dumper": "^6.3|^7.0"
            },
            "type": "library",
            "autoload": {
                "files": [
                    "src/Core/Utils.php"
                ],
                "psr-4": {
                    "Codewithkyrian\\Jinja\\": "src/"
                }
            },
            "notification-url": "https://packagist.org/downloads/",
            "license": [
                "MIT"
            ],
            "authors": [
                {
                    "name": "Kyrian Obikwelu",
                    "email": "koshnawaza@gmail.com"
                }
            ],
            "description": "A minimalistic PHP implementation of the Jinja templating engine, specifically designed for parsing and rendering ML chat templates.",
            "support": {
                "issues": "https://github.com/CodeWithKyrian/jinja-php/issues",
                "source": "https://github.com/CodeWithKyrian/jinja-php/tree/1.0.0"
            },
            "time": "2024-03-19T17:43:20+00:00"
        },
        {
            "name": "codewithkyrian/transformers",
            "version": "0.5.2",
            "source": {
                "type": "git",
                "url": "https://github.com/CodeWithKyrian/transformers-php.git",
                "reference": "d4c59599db5ef5d1639b78be375eb61966d7846c"
            },
            "dist": {
                "type": "zip",
                "url": "https://api.github.com/repos/CodeWithKyrian/transformers-php/zipball/d4c59599db5ef5d1639b78be375eb61966d7846c",
                "reference": "d4c59599db5ef5d1639b78be375eb61966d7846c",
                "shasum": ""
            },
            "require": {
                "codewithkyrian/jinja-php": "^1.0",
                "codewithkyrian/transformers-libsloader": "^2.0",
                "ext-ffi": "*",
                "imagine/imagine": "^1.3",
                "php": "^8.1",
                "rindow/rindow-math-matrix": "^2.0",
                "rindow/rindow-matlib-ffi": "^1.0",
                "rindow/rindow-openblas-ffi": "^1.0",
                "rokka/imagine-vips": "^0.31.0",
                "symfony/console": "^6.4|^7.0"
            },
            "require-dev": {
                "pestphp/pest": "^2.31",
                "symfony/var-dumper": "^7.0"
            },
            "suggest": {
                "ext-gd": "Required to use the GD Driver for image processing",
                "ext-imagick": "Required to use the Imagick Driver for image processing",
                "rokka/imagine-vips": "Required to use the VIPS Driver for image processing"
            },
            "bin": [
                "bin/transformers"
            ],
            "type": "library",
            "autoload": {
                "files": [
                    "src/Pipelines/Pipeline.php",
                    "src/Utils/Helpers.php"
                ],
                "psr-4": {
                    "Codewithkyrian\\Transformers\\": "src/"
                }
            },
            "notification-url": "https://packagist.org/downloads/",
            "license": [
                "Apache-2.0"
            ],
            "authors": [
                {
                    "name": "Kyrian Obikwelu",
                    "email": "koshnawaza@gmail.com"
                }
            ],
            "description": "State-of-the-art Machine Learning for PHP. Run Transformers in PHP",
            "keywords": [
                "CodeWithKyrian",
                "ai",
                "machine learning",
                "natural language processing",
                "nlp",
                "php",
                "transformers",
                "transformers-php"
            ],
            "support": {
                "issues": "https://github.com/CodeWithKyrian/transformers-php/issues",
                "source": "https://github.com/CodeWithKyrian/transformers-php/tree/0.5.2"
            },
            "time": "2024-08-29T13:06:57+00:00"
        },
        {
            "name": "codewithkyrian/transformers-libsloader",
            "version": "2.0.0",
            "source": {
                "type": "git",
                "url": "https://github.com/CodeWithKyrian/transformers-libsloader.git",
                "reference": "7052adad23e969701a961437b77422f820df05ba"
            },
            "dist": {
                "type": "zip",
                "url": "https://api.github.com/repos/CodeWithKyrian/transformers-libsloader/zipball/7052adad23e969701a961437b77422f820df05ba",
                "reference": "7052adad23e969701a961437b77422f820df05ba",
                "shasum": ""
            },
            "require": {
                "composer-plugin-api": "^1.1 || ^2.0",
                "php": "^8.1"
            },
            "require-dev": {
                "composer/composer": "~1.0 || ~2.0",
                "symfony/var-dumper": "^6.0|^7.0"
            },
            "type": "composer-plugin",
            "extra": {
                "class": "Codewithkyrian\\TransformersLibsLoader\\Plugin"
            },
            "autoload": {
                "psr-4": {
                    "Codewithkyrian\\TransformersLibsLoader\\": "src/"
                }
            },
            "notification-url": "https://packagist.org/downloads/",
            "license": [
                "MIT"
            ],
            "authors": [
                {
                    "name": "Kyrian Obikwelu",
                    "email": "koshnawaza@gmail.com"
                }
            ],
            "description": "Composer plugin to download all shared libraries necessary for TransformersPHP",
            "support": {
                "issues": "https://github.com/CodeWithKyrian/transformers-libsloader/issues",
                "source": "https://github.com/CodeWithKyrian/transformers-libsloader/tree/2.0.0"
            },
            "time": "2024-08-18T16:40:39+00:00"
        },
        {
            "name": "imagine/imagine",
            "version": "1.3.5",
            "source": {
                "type": "git",
                "url": "https://github.com/php-imagine/Imagine.git",
                "reference": "7151d553edec4dc2bbac60419f7a74ff34700e7f"
            },
            "dist": {
                "type": "zip",
                "url": "https://api.github.com/repos/php-imagine/Imagine/zipball/7151d553edec4dc2bbac60419f7a74ff34700e7f",
                "reference": "7151d553edec4dc2bbac60419f7a74ff34700e7f",
                "shasum": ""
            },
            "require": {
                "php": ">=5.5"
            },
            "require-dev": {
                "phpunit/phpunit": "^4.8 || ^5.7 || ^6.5 || ^7.5 || ^8.4 || ^9.3"
            },
            "suggest": {
                "ext-exif": "to read EXIF metadata",
                "ext-gd": "to use the GD implementation",
                "ext-gmagick": "to use the Gmagick implementation",
                "ext-imagick": "to use the Imagick implementation"
            },
            "type": "library",
            "extra": {
                "branch-alias": {
                    "dev-develop": "1.x-dev"
                }
            },
            "autoload": {
                "psr-4": {
                    "Imagine\\": "src/"
                }
            },
            "notification-url": "https://packagist.org/downloads/",
            "license": [
                "MIT"
            ],
            "authors": [
                {
                    "name": "Bulat Shakirzyanov",
                    "email": "mallluhuct@gmail.com",
                    "homepage": "http://avalanche123.com"
                }
            ],
            "description": "Image processing for PHP 5.3",
            "homepage": "http://imagine.readthedocs.org/",
            "keywords": [
                "drawing",
                "graphics",
                "image manipulation",
                "image processing"
            ],
            "support": {
                "issues": "https://github.com/php-imagine/Imagine/issues",
                "source": "https://github.com/php-imagine/Imagine/tree/1.3.5"
            },
            "time": "2023-06-07T14:49:52+00:00"
        },
        {
            "name": "interop-phpobjects/polite-math",
            "version": "1.0.7",
            "source": {
                "type": "git",
                "url": "https://github.com/interop-phpobjects/polite-math.git",
                "reference": "621246cdc108b1388307097e06361ca5b9259467"
            },
            "dist": {
                "type": "zip",
                "url": "https://api.github.com/repos/interop-phpobjects/polite-math/zipball/621246cdc108b1388307097e06361ca5b9259467",
                "reference": "621246cdc108b1388307097e06361ca5b9259467",
                "shasum": ""
            },
            "require": {
                "php": ">=7.2"
            },
            "type": "library",
            "autoload": {
                "psr-4": {
                    "Interop\\Polite\\Math\\": "src/"
                }
            },
            "notification-url": "https://packagist.org/downloads/",
            "license": [
                "MIT"
            ],
            "description": "Interoperability of interfaces around the Math",
            "keywords": [
                "interop",
                "interoperability",
                "math"
            ],
            "support": {
                "issues": "https://github.com/interop-phpobjects/polite-math/issues",
                "source": "https://github.com/interop-phpobjects/polite-math/tree/1.0.7"
            },
            "time": "2024-04-07T07:10:27+00:00"
        },
        {
            "name": "jcupitt/vips",
            "version": "v2.4.0",
            "source": {
                "type": "git",
                "url": "https://github.com/libvips/php-vips.git",
                "reference": "69c343e0bc7bac6dc82f4f16f985d8d6a15eb05a"
            },
            "dist": {
                "type": "zip",
                "url": "https://api.github.com/repos/libvips/php-vips/zipball/69c343e0bc7bac6dc82f4f16f985d8d6a15eb05a",
                "reference": "69c343e0bc7bac6dc82f4f16f985d8d6a15eb05a",
                "shasum": ""
            },
            "require": {
                "ext-ffi": "*",
                "php": ">=7.4",
                "psr/log": "^1.1.3|^2.0|^3.0"
            },
            "require-dev": {
                "php-parallel-lint/php-parallel-lint": "^1.3",
                "phpdocumentor/shim": "^3.3",
                "phpunit/phpunit": "^9.5",
                "squizlabs/php_codesniffer": "^3.7"
            },
            "type": "library",
            "extra": {
                "branch-alias": {
                    "dev-master": "2.0.x-dev"
                }
            },
            "autoload": {
                "psr-4": {
                    "Jcupitt\\Vips\\": "src"
                }
            },
            "notification-url": "https://packagist.org/downloads/",
            "license": [
                "MIT"
            ],
            "authors": [
                {
                    "name": "John Cupitt",
                    "email": "jcupitt@gmail.com",
                    "homepage": "https://github.com/jcupitt",
                    "role": "Developer"
                }
            ],
            "description": "A high-level interface to the libvips image processing library.",
            "homepage": "https://github.com/libvips/php-vips",
            "keywords": [
                "image",
                "libvips",
                "processing"
            ],
            "support": {
                "issues": "https://github.com/libvips/php-vips/issues",
                "source": "https://github.com/libvips/php-vips/tree/v2.4.0"
            },
            "time": "2024-04-09T09:27:18+00:00"
        },
        {
            "name": "phenx/php-font-lib",
            "version": "0.5.6",
            "source": {
                "type": "git",
                "url": "https://github.com/dompdf/php-font-lib.git",
                "reference": "a1681e9793040740a405ac5b189275059e2a9863"
            },
            "dist": {
                "type": "zip",
                "url": "https://api.github.com/repos/dompdf/php-font-lib/zipball/a1681e9793040740a405ac5b189275059e2a9863",
                "reference": "a1681e9793040740a405ac5b189275059e2a9863",
                "shasum": ""
            },
            "require": {
                "ext-mbstring": "*"
            },
            "require-dev": {
                "symfony/phpunit-bridge": "^3 || ^4 || ^5 || ^6"
            },
            "type": "library",
            "autoload": {
                "psr-4": {
                    "FontLib\\": "src/FontLib"
                }
            },
            "notification-url": "https://packagist.org/downloads/",
            "license": [
                "LGPL-2.1-or-later"
            ],
            "authors": [
                {
                    "name": "Fabien Ménager",
                    "email": "fabien.menager@gmail.com"
                }
            ],
            "description": "A library to read, parse, export and make subsets of different types of font files.",
            "homepage": "https://github.com/PhenX/php-font-lib",
            "support": {
                "issues": "https://github.com/dompdf/php-font-lib/issues",
                "source": "https://github.com/dompdf/php-font-lib/tree/0.5.6"
            },
            "time": "2024-01-29T14:45:26+00:00"
        },
        {
            "name": "psr/container",
            "version": "2.0.2",
            "source": {
                "type": "git",
                "url": "https://github.com/php-fig/container.git",
                "reference": "c71ecc56dfe541dbd90c5360474fbc405f8d5963"
            },
            "dist": {
                "type": "zip",
                "url": "https://api.github.com/repos/php-fig/container/zipball/c71ecc56dfe541dbd90c5360474fbc405f8d5963",
                "reference": "c71ecc56dfe541dbd90c5360474fbc405f8d5963",
                "shasum": ""
            },
            "require": {
                "php": ">=7.4.0"
            },
            "type": "library",
            "extra": {
                "branch-alias": {
                    "dev-master": "2.0.x-dev"
                }
            },
            "autoload": {
                "psr-4": {
                    "Psr\\Container\\": "src/"
                }
            },
            "notification-url": "https://packagist.org/downloads/",
            "license": [
                "MIT"
            ],
            "authors": [
                {
                    "name": "PHP-FIG",
                    "homepage": "https://www.php-fig.org/"
                }
            ],
            "description": "Common Container Interface (PHP FIG PSR-11)",
            "homepage": "https://github.com/php-fig/container",
            "keywords": [
                "PSR-11",
                "container",
                "container-interface",
                "container-interop",
                "psr"
            ],
            "support": {
                "issues": "https://github.com/php-fig/container/issues",
                "source": "https://github.com/php-fig/container/tree/2.0.2"
            },
            "time": "2021-11-05T16:47:00+00:00"
        },
        {
            "name": "psr/log",
            "version": "3.0.1",
            "source": {
                "type": "git",
                "url": "https://github.com/php-fig/log.git",
                "reference": "79dff0b268932c640297f5208d6298f71855c03e"
            },
            "dist": {
                "type": "zip",
                "url": "https://api.github.com/repos/php-fig/log/zipball/79dff0b268932c640297f5208d6298f71855c03e",
                "reference": "79dff0b268932c640297f5208d6298f71855c03e",
                "shasum": ""
            },
            "require": {
                "php": ">=8.0.0"
            },
            "type": "library",
            "extra": {
                "branch-alias": {
                    "dev-master": "3.x-dev"
                }
            },
            "autoload": {
                "psr-4": {
                    "Psr\\Log\\": "src"
                }
            },
            "notification-url": "https://packagist.org/downloads/",
            "license": [
                "MIT"
            ],
            "authors": [
                {
                    "name": "PHP-FIG",
                    "homepage": "https://www.php-fig.org/"
                }
            ],
            "description": "Common interface for logging libraries",
            "homepage": "https://github.com/php-fig/log",
            "keywords": [
                "log",
                "psr",
                "psr-3"
            ],
            "support": {
                "source": "https://github.com/php-fig/log/tree/3.0.1"
            },
            "time": "2024-08-21T13:31:24+00:00"
        },
        {
            "name": "rindow/rindow-math-matrix",
            "version": "2.0.4",
            "source": {
                "type": "git",
                "url": "https://github.com/rindow/rindow-math-matrix.git",
                "reference": "3620f35d0de33fddfbafd731be70d614cf6f5802"
            },
            "dist": {
                "type": "zip",
                "url": "https://api.github.com/repos/rindow/rindow-math-matrix/zipball/3620f35d0de33fddfbafd731be70d614cf6f5802",
                "reference": "3620f35d0de33fddfbafd731be70d614cf6f5802",
                "shasum": ""
            },
            "require": {
                "interop-phpobjects/polite-math": "~1.0.7",
                "php": "^8.1"
            },
            "suggest": {
                "rindow/math-plot": "for OpenCL tunning",
                "rindow/rindow-math-matrix-matlibffi": "~1.0.0"
            },
            "bin": [
                "bin/rindow-math-matrix.bat",
                "bin/rindow-math-matrix"
            ],
            "type": "library",
            "autoload": {
                "psr-4": {
                    "Rindow\\Math\\Matrix\\": "src/"
                }
            },
            "notification-url": "https://packagist.org/downloads/",
            "license": [
                "BSD-3-Clause"
            ],
            "description": "The fundamental package for scientific matrix operation",
            "keywords": [
                "N-dimension",
                "math",
                "matrix",
                "operation",
                "rindow"
            ],
            "support": {
                "issues": "https://github.com/rindow/rindow-math-matrix/issues",
                "source": "https://github.com/rindow/rindow-math-matrix/tree/2.0.4"
            },
            "time": "2024-04-29T06:29:58+00:00"
        },
        {
            "name": "rindow/rindow-matlib-ffi",
            "version": "1.0.2",
            "source": {
                "type": "git",
                "url": "https://github.com/rindow/rindow-matlib-ffi.git",
                "reference": "2daaf402cd330d352cf82e75cbefac0c6608c08e"
            },
            "dist": {
                "type": "zip",
                "url": "https://api.github.com/repos/rindow/rindow-matlib-ffi/zipball/2daaf402cd330d352cf82e75cbefac0c6608c08e",
                "reference": "2daaf402cd330d352cf82e75cbefac0c6608c08e",
                "shasum": ""
            },
            "require": {
                "interop-phpobjects/polite-math": "~1.0.7",
                "php": "^8.1"
            },
            "require-dev": {
                "ext-ffi": "*",
                "rindow/rindow-math-buffer-ffi": "^1.0"
            },
            "type": "library",
            "autoload": {
                "psr-4": {
                    "Rindow\\Matlib\\FFI\\": "src/"
                }
            },
            "notification-url": "https://packagist.org/downloads/",
            "license": [
                "BSD-3-Clause"
            ],
            "description": "The math matrix library for FFI on PHP",
            "keywords": [
                "ffi",
                "math",
                "matrix",
                "rindow"
            ],
            "support": {
                "issues": "https://github.com/rindow/rindow-matlib-ffi/issues",
                "source": "https://github.com/rindow/rindow-matlib-ffi/tree/1.0.2"
            },
            "time": "2024-04-25T14:59:33+00:00"
        },
        {
            "name": "rindow/rindow-openblas-ffi",
            "version": "1.0.3",
            "source": {
                "type": "git",
                "url": "https://github.com/rindow/rindow-openblas-ffi.git",
                "reference": "3d1a98b21e9c7be0d22ea38790d9b455bb795246"
            },
            "dist": {
                "type": "zip",
                "url": "https://api.github.com/repos/rindow/rindow-openblas-ffi/zipball/3d1a98b21e9c7be0d22ea38790d9b455bb795246",
                "reference": "3d1a98b21e9c7be0d22ea38790d9b455bb795246",
                "shasum": ""
            },
            "require": {
                "interop-phpobjects/polite-math": "~1.0.7",
                "php": "^8.1"
            },
            "require-dev": {
                "ext-ffi": "*",
                "rindow/rindow-math-buffer-ffi": ">=1.0.0"
            },
            "type": "library",
            "autoload": {
                "psr-4": {
                    "Rindow\\OpenBLAS\\FFI\\": "src/"
                }
            },
            "notification-url": "https://packagist.org/downloads/",
            "license": [
                "BSD-3-Clause"
            ],
            "description": "The Openblas library for FFI on PHP",
            "keywords": [
                "ffi",
                "math",
                "openblas",
                "rindow"
            ],
            "support": {
                "issues": "https://github.com/rindow/rindow-openblas-ffi/issues",
                "source": "https://github.com/rindow/rindow-openblas-ffi/tree/1.0.3"
            },
            "time": "2024-04-25T14:15:38+00:00"
        },
        {
            "name": "rokka/imagine-vips",
            "version": "0.31.0",
            "source": {
                "type": "git",
                "url": "https://github.com/rokka-io/imagine-vips.git",
                "reference": "6c86dc4a988fbd51081973abd29cbc38989e2e94"
            },
            "dist": {
                "type": "zip",
                "url": "https://api.github.com/repos/rokka-io/imagine-vips/zipball/6c86dc4a988fbd51081973abd29cbc38989e2e94",
                "reference": "6c86dc4a988fbd51081973abd29cbc38989e2e94",
                "shasum": ""
            },
            "require": {
                "imagine/imagine": "^1.0",
                "jcupitt/vips": "^2.1.0 || ^1.0.3",
                "phenx/php-font-lib": "^0.5.2",
                "php": "^7.2 || ^8.0"
            },
            "require-dev": {
                "friendsofphp/php-cs-fixer": "^2.8",
                "phpstan/phpstan": "^1.8",
                "phpunit/phpunit": "^8 || ^9"
            },
            "suggest": {
                "ext-gd": "to use the GD implementation fallback for saving unsupported file formats",
                "ext-imagick": "to use the Imagick implementation fallback for saving unsupported file formats"
            },
            "type": "library",
            "autoload": {
                "psr-0": {
                    "Imagine": "lib/"
                }
            },
            "notification-url": "https://packagist.org/downloads/",
            "license": [
                "MIT"
            ],
            "authors": [
                {
                    "name": "rokka",
                    "email": "rokka@rokka.io",
                    "homepage": "https://rokka.io"
                }
            ],
            "description": "libvips adapter for imagine",
            "homepage": "https://github.com/rokka-io/imagine-vips",
            "keywords": [
                "drawing",
                "graphics",
                "image manipulation",
                "image processing",
                "libvips",
                "php-vips",
                "vips"
            ],
            "support": {
                "issues": "https://github.com/rokka-io/imagine-vips/issues",
                "source": "https://github.com/rokka-io/imagine-vips/tree/0.31.0"
            },
            "time": "2022-10-12T16:32:32+00:00"
        },
        {
            "name": "symfony/console",
            "version": "v6.4.11",
            "source": {
                "type": "git",
                "url": "https://github.com/symfony/console.git",
                "reference": "42686880adaacdad1835ee8fc2a9ec5b7bd63998"
            },
            "dist": {
                "type": "zip",
                "url": "https://api.github.com/repos/symfony/console/zipball/42686880adaacdad1835ee8fc2a9ec5b7bd63998",
                "reference": "42686880adaacdad1835ee8fc2a9ec5b7bd63998",
                "shasum": ""
            },
            "require": {
                "php": ">=8.1",
                "symfony/deprecation-contracts": "^2.5|^3",
                "symfony/polyfill-mbstring": "~1.0",
                "symfony/service-contracts": "^2.5|^3",
                "symfony/string": "^5.4|^6.0|^7.0"
            },
            "conflict": {
                "symfony/dependency-injection": "<5.4",
                "symfony/dotenv": "<5.4",
                "symfony/event-dispatcher": "<5.4",
                "symfony/lock": "<5.4",
                "symfony/process": "<5.4"
            },
            "provide": {
                "psr/log-implementation": "1.0|2.0|3.0"
            },
            "require-dev": {
                "psr/log": "^1|^2|^3",
                "symfony/config": "^5.4|^6.0|^7.0",
                "symfony/dependency-injection": "^5.4|^6.0|^7.0",
                "symfony/event-dispatcher": "^5.4|^6.0|^7.0",
                "symfony/http-foundation": "^6.4|^7.0",
                "symfony/http-kernel": "^6.4|^7.0",
                "symfony/lock": "^5.4|^6.0|^7.0",
                "symfony/messenger": "^5.4|^6.0|^7.0",
                "symfony/process": "^5.4|^6.0|^7.0",
                "symfony/stopwatch": "^5.4|^6.0|^7.0",
                "symfony/var-dumper": "^5.4|^6.0|^7.0"
            },
            "type": "library",
            "autoload": {
                "psr-4": {
                    "Symfony\\Component\\Console\\": ""
                },
                "exclude-from-classmap": [
                    "/Tests/"
                ]
            },
            "notification-url": "https://packagist.org/downloads/",
            "license": [
                "MIT"
            ],
            "authors": [
                {
                    "name": "Fabien Potencier",
                    "email": "fabien@symfony.com"
                },
                {
                    "name": "Symfony Community",
                    "homepage": "https://symfony.com/contributors"
                }
            ],
            "description": "Eases the creation of beautiful and testable command line interfaces",
            "homepage": "https://symfony.com",
            "keywords": [
                "cli",
                "command-line",
                "console",
                "terminal"
            ],
            "support": {
                "source": "https://github.com/symfony/console/tree/v6.4.11"
            },
            "funding": [
                {
                    "url": "https://symfony.com/sponsor",
                    "type": "custom"
                },
                {
                    "url": "https://github.com/fabpot",
                    "type": "github"
                },
                {
                    "url": "https://tidelift.com/funding/github/packagist/symfony/symfony",
                    "type": "tidelift"
                }
            ],
            "time": "2024-08-15T22:48:29+00:00"
        },
        {
            "name": "symfony/deprecation-contracts",
            "version": "v3.5.0",
            "source": {
                "type": "git",
                "url": "https://github.com/symfony/deprecation-contracts.git",
                "reference": "0e0d29ce1f20deffb4ab1b016a7257c4f1e789a1"
            },
            "dist": {
                "type": "zip",
                "url": "https://api.github.com/repos/symfony/deprecation-contracts/zipball/0e0d29ce1f20deffb4ab1b016a7257c4f1e789a1",
                "reference": "0e0d29ce1f20deffb4ab1b016a7257c4f1e789a1",
                "shasum": ""
            },
            "require": {
                "php": ">=8.1"
            },
            "type": "library",
            "extra": {
                "branch-alias": {
                    "dev-main": "3.5-dev"
                },
                "thanks": {
                    "name": "symfony/contracts",
                    "url": "https://github.com/symfony/contracts"
                }
            },
            "autoload": {
                "files": [
                    "function.php"
                ]
            },
            "notification-url": "https://packagist.org/downloads/",
            "license": [
                "MIT"
            ],
            "authors": [
                {
                    "name": "Nicolas Grekas",
                    "email": "p@tchwork.com"
                },
                {
                    "name": "Symfony Community",
                    "homepage": "https://symfony.com/contributors"
                }
            ],
            "description": "A generic function and convention to trigger deprecation notices",
            "homepage": "https://symfony.com",
            "support": {
                "source": "https://github.com/symfony/deprecation-contracts/tree/v3.5.0"
            },
            "funding": [
                {
                    "url": "https://symfony.com/sponsor",
                    "type": "custom"
                },
                {
                    "url": "https://github.com/fabpot",
                    "type": "github"
                },
                {
                    "url": "https://tidelift.com/funding/github/packagist/symfony/symfony",
                    "type": "tidelift"
                }
            ],
            "time": "2024-04-18T09:32:20+00:00"
        },
        {
            "name": "symfony/polyfill-ctype",
            "version": "v1.30.0",
            "source": {
                "type": "git",
                "url": "https://github.com/symfony/polyfill-ctype.git",
                "reference": "0424dff1c58f028c451efff2045f5d92410bd540"
            },
            "dist": {
                "type": "zip",
                "url": "https://api.github.com/repos/symfony/polyfill-ctype/zipball/0424dff1c58f028c451efff2045f5d92410bd540",
                "reference": "0424dff1c58f028c451efff2045f5d92410bd540",
                "shasum": ""
            },
            "require": {
                "php": ">=7.1"
            },
            "provide": {
                "ext-ctype": "*"
            },
            "suggest": {
                "ext-ctype": "For best performance"
            },
            "type": "library",
            "extra": {
                "thanks": {
                    "name": "symfony/polyfill",
                    "url": "https://github.com/symfony/polyfill"
                }
            },
            "autoload": {
                "files": [
                    "bootstrap.php"
                ],
                "psr-4": {
                    "Symfony\\Polyfill\\Ctype\\": ""
                }
            },
            "notification-url": "https://packagist.org/downloads/",
            "license": [
                "MIT"
            ],
            "authors": [
                {
                    "name": "Gert de Pagter",
                    "email": "BackEndTea@gmail.com"
                },
                {
                    "name": "Symfony Community",
                    "homepage": "https://symfony.com/contributors"
                }
            ],
            "description": "Symfony polyfill for ctype functions",
            "homepage": "https://symfony.com",
            "keywords": [
                "compatibility",
                "ctype",
                "polyfill",
                "portable"
            ],
            "support": {
                "source": "https://github.com/symfony/polyfill-ctype/tree/v1.30.0"
            },
            "funding": [
                {
                    "url": "https://symfony.com/sponsor",
                    "type": "custom"
                },
                {
                    "url": "https://github.com/fabpot",
                    "type": "github"
                },
                {
                    "url": "https://tidelift.com/funding/github/packagist/symfony/symfony",
                    "type": "tidelift"
                }
            ],
            "time": "2024-05-31T15:07:36+00:00"
        },
        {
            "name": "symfony/polyfill-intl-grapheme",
            "version": "v1.30.0",
            "source": {
                "type": "git",
                "url": "https://github.com/symfony/polyfill-intl-grapheme.git",
                "reference": "64647a7c30b2283f5d49b874d84a18fc22054b7a"
            },
            "dist": {
                "type": "zip",
                "url": "https://api.github.com/repos/symfony/polyfill-intl-grapheme/zipball/64647a7c30b2283f5d49b874d84a18fc22054b7a",
                "reference": "64647a7c30b2283f5d49b874d84a18fc22054b7a",
                "shasum": ""
            },
            "require": {
                "php": ">=7.1"
            },
            "suggest": {
                "ext-intl": "For best performance"
            },
            "type": "library",
            "extra": {
                "thanks": {
                    "name": "symfony/polyfill",
                    "url": "https://github.com/symfony/polyfill"
                }
            },
            "autoload": {
                "files": [
                    "bootstrap.php"
                ],
                "psr-4": {
                    "Symfony\\Polyfill\\Intl\\Grapheme\\": ""
                }
            },
            "notification-url": "https://packagist.org/downloads/",
            "license": [
                "MIT"
            ],
            "authors": [
                {
                    "name": "Nicolas Grekas",
                    "email": "p@tchwork.com"
                },
                {
                    "name": "Symfony Community",
                    "homepage": "https://symfony.com/contributors"
                }
            ],
            "description": "Symfony polyfill for intl's grapheme_* functions",
            "homepage": "https://symfony.com",
            "keywords": [
                "compatibility",
                "grapheme",
                "intl",
                "polyfill",
                "portable",
                "shim"
            ],
            "support": {
                "source": "https://github.com/symfony/polyfill-intl-grapheme/tree/v1.30.0"
            },
            "funding": [
                {
                    "url": "https://symfony.com/sponsor",
                    "type": "custom"
                },
                {
                    "url": "https://github.com/fabpot",
                    "type": "github"
                },
                {
                    "url": "https://tidelift.com/funding/github/packagist/symfony/symfony",
                    "type": "tidelift"
                }
            ],
            "time": "2024-05-31T15:07:36+00:00"
        },
        {
            "name": "symfony/polyfill-intl-normalizer",
            "version": "v1.30.0",
            "source": {
                "type": "git",
                "url": "https://github.com/symfony/polyfill-intl-normalizer.git",
                "reference": "a95281b0be0d9ab48050ebd988b967875cdb9fdb"
            },
            "dist": {
                "type": "zip",
                "url": "https://api.github.com/repos/symfony/polyfill-intl-normalizer/zipball/a95281b0be0d9ab48050ebd988b967875cdb9fdb",
                "reference": "a95281b0be0d9ab48050ebd988b967875cdb9fdb",
                "shasum": ""
            },
            "require": {
                "php": ">=7.1"
            },
            "suggest": {
                "ext-intl": "For best performance"
            },
            "type": "library",
            "extra": {
                "thanks": {
                    "name": "symfony/polyfill",
                    "url": "https://github.com/symfony/polyfill"
                }
            },
            "autoload": {
                "files": [
                    "bootstrap.php"
                ],
                "psr-4": {
                    "Symfony\\Polyfill\\Intl\\Normalizer\\": ""
                },
                "classmap": [
                    "Resources/stubs"
                ]
            },
            "notification-url": "https://packagist.org/downloads/",
            "license": [
                "MIT"
            ],
            "authors": [
                {
                    "name": "Nicolas Grekas",
                    "email": "p@tchwork.com"
                },
                {
                    "name": "Symfony Community",
                    "homepage": "https://symfony.com/contributors"
                }
            ],
            "description": "Symfony polyfill for intl's Normalizer class and related functions",
            "homepage": "https://symfony.com",
            "keywords": [
                "compatibility",
                "intl",
                "normalizer",
                "polyfill",
                "portable",
                "shim"
            ],
            "support": {
                "source": "https://github.com/symfony/polyfill-intl-normalizer/tree/v1.30.0"
            },
            "funding": [
                {
                    "url": "https://symfony.com/sponsor",
                    "type": "custom"
                },
                {
                    "url": "https://github.com/fabpot",
                    "type": "github"
                },
                {
                    "url": "https://tidelift.com/funding/github/packagist/symfony/symfony",
                    "type": "tidelift"
                }
            ],
            "time": "2024-05-31T15:07:36+00:00"
        },
        {
            "name": "symfony/polyfill-mbstring",
            "version": "v1.30.0",
            "source": {
                "type": "git",
                "url": "https://github.com/symfony/polyfill-mbstring.git",
                "reference": "fd22ab50000ef01661e2a31d850ebaa297f8e03c"
            },
            "dist": {
                "type": "zip",
                "url": "https://api.github.com/repos/symfony/polyfill-mbstring/zipball/fd22ab50000ef01661e2a31d850ebaa297f8e03c",
                "reference": "fd22ab50000ef01661e2a31d850ebaa297f8e03c",
                "shasum": ""
            },
            "require": {
                "php": ">=7.1"
            },
            "provide": {
                "ext-mbstring": "*"
            },
            "suggest": {
                "ext-mbstring": "For best performance"
            },
            "type": "library",
            "extra": {
                "thanks": {
                    "name": "symfony/polyfill",
                    "url": "https://github.com/symfony/polyfill"
                }
            },
            "autoload": {
                "files": [
                    "bootstrap.php"
                ],
                "psr-4": {
                    "Symfony\\Polyfill\\Mbstring\\": ""
                }
            },
            "notification-url": "https://packagist.org/downloads/",
            "license": [
                "MIT"
            ],
            "authors": [
                {
                    "name": "Nicolas Grekas",
                    "email": "p@tchwork.com"
                },
                {
                    "name": "Symfony Community",
                    "homepage": "https://symfony.com/contributors"
                }
            ],
            "description": "Symfony polyfill for the Mbstring extension",
            "homepage": "https://symfony.com",
            "keywords": [
                "compatibility",
                "mbstring",
                "polyfill",
                "portable",
                "shim"
            ],
            "support": {
                "source": "https://github.com/symfony/polyfill-mbstring/tree/v1.30.0"
            },
            "funding": [
                {
                    "url": "https://symfony.com/sponsor",
                    "type": "custom"
                },
                {
                    "url": "https://github.com/fabpot",
                    "type": "github"
                },
                {
                    "url": "https://tidelift.com/funding/github/packagist/symfony/symfony",
                    "type": "tidelift"
                }
            ],
            "time": "2024-06-19T12:30:46+00:00"
        },
        {
            "name": "symfony/service-contracts",
            "version": "v3.5.0",
            "source": {
                "type": "git",
                "url": "https://github.com/symfony/service-contracts.git",
                "reference": "bd1d9e59a81d8fa4acdcea3f617c581f7475a80f"
            },
            "dist": {
                "type": "zip",
                "url": "https://api.github.com/repos/symfony/service-contracts/zipball/bd1d9e59a81d8fa4acdcea3f617c581f7475a80f",
                "reference": "bd1d9e59a81d8fa4acdcea3f617c581f7475a80f",
                "shasum": ""
            },
            "require": {
                "php": ">=8.1",
                "psr/container": "^1.1|^2.0",
                "symfony/deprecation-contracts": "^2.5|^3"
            },
            "conflict": {
                "ext-psr": "<1.1|>=2"
            },
            "type": "library",
            "extra": {
                "branch-alias": {
                    "dev-main": "3.5-dev"
                },
                "thanks": {
                    "name": "symfony/contracts",
                    "url": "https://github.com/symfony/contracts"
                }
            },
            "autoload": {
                "psr-4": {
                    "Symfony\\Contracts\\Service\\": ""
                },
                "exclude-from-classmap": [
                    "/Test/"
                ]
            },
            "notification-url": "https://packagist.org/downloads/",
            "license": [
                "MIT"
            ],
            "authors": [
                {
                    "name": "Nicolas Grekas",
                    "email": "p@tchwork.com"
                },
                {
                    "name": "Symfony Community",
                    "homepage": "https://symfony.com/contributors"
                }
            ],
            "description": "Generic abstractions related to writing services",
            "homepage": "https://symfony.com",
            "keywords": [
                "abstractions",
                "contracts",
                "decoupling",
                "interfaces",
                "interoperability",
                "standards"
            ],
            "support": {
                "source": "https://github.com/symfony/service-contracts/tree/v3.5.0"
            },
            "funding": [
                {
                    "url": "https://symfony.com/sponsor",
                    "type": "custom"
                },
                {
                    "url": "https://github.com/fabpot",
                    "type": "github"
                },
                {
                    "url": "https://tidelift.com/funding/github/packagist/symfony/symfony",
                    "type": "tidelift"
                }
            ],
            "time": "2024-04-18T09:32:20+00:00"
        },
        {
            "name": "symfony/string",
            "version": "v6.4.11",
            "source": {
                "type": "git",
                "url": "https://github.com/symfony/string.git",
                "reference": "5bc3eb632cf9c8dbfd6529d89be9950d1518883b"
            },
            "dist": {
                "type": "zip",
                "url": "https://api.github.com/repos/symfony/string/zipball/5bc3eb632cf9c8dbfd6529d89be9950d1518883b",
                "reference": "5bc3eb632cf9c8dbfd6529d89be9950d1518883b",
                "shasum": ""
            },
            "require": {
                "php": ">=8.1",
                "symfony/polyfill-ctype": "~1.8",
                "symfony/polyfill-intl-grapheme": "~1.0",
                "symfony/polyfill-intl-normalizer": "~1.0",
                "symfony/polyfill-mbstring": "~1.0"
            },
            "conflict": {
                "symfony/translation-contracts": "<2.5"
            },
            "require-dev": {
                "symfony/error-handler": "^5.4|^6.0|^7.0",
                "symfony/http-client": "^5.4|^6.0|^7.0",
                "symfony/intl": "^6.2|^7.0",
                "symfony/translation-contracts": "^2.5|^3.0",
                "symfony/var-exporter": "^5.4|^6.0|^7.0"
            },
            "type": "library",
            "autoload": {
                "files": [
                    "Resources/functions.php"
                ],
                "psr-4": {
                    "Symfony\\Component\\String\\": ""
                },
                "exclude-from-classmap": [
                    "/Tests/"
                ]
            },
            "notification-url": "https://packagist.org/downloads/",
            "license": [
                "MIT"
            ],
            "authors": [
                {
                    "name": "Nicolas Grekas",
                    "email": "p@tchwork.com"
                },
                {
                    "name": "Symfony Community",
                    "homepage": "https://symfony.com/contributors"
                }
            ],
            "description": "Provides an object-oriented API to strings and deals with bytes, UTF-8 code points and grapheme clusters in a unified way",
            "homepage": "https://symfony.com",
            "keywords": [
                "grapheme",
                "i18n",
                "string",
                "unicode",
                "utf-8",
                "utf8"
            ],
            "support": {
                "source": "https://github.com/symfony/string/tree/v6.4.11"
            },
            "funding": [
                {
                    "url": "https://symfony.com/sponsor",
                    "type": "custom"
                },
                {
                    "url": "https://github.com/fabpot",
                    "type": "github"
                },
                {
                    "url": "https://tidelift.com/funding/github/packagist/symfony/symfony",
                    "type": "tidelift"
                }
            ],
            "time": "2024-08-12T09:55:28+00:00"
        }
    ],
    "packages-dev": [],
    "aliases": [],
    "minimum-stability": "stable",
    "stability-flags": [],
    "prefer-stable": false,
    "prefer-lowest": false,
    "platform": [],
    "platform-dev": [],
    "plugin-api-version": "2.6.0"
}
